
Microsoft Visual Studio Solution File, Format Version 12.00
Project("{FAE04EC0-301F-11D3-BF4B-00C04F79EFBC}") = "Festivity", "Festivity\Festivity.csproj", "{8B415182-205E-44E8-9510-CA7F890968EF}"
EndProject
Global
	GlobalSection(SolutionConfigurationPlatforms) = preSolution
		Debug|Any CPU = Debug|Any CPU
		Release|Any CPU = Release|Any CPU
	EndGlobalSection
	GlobalSection(ProjectConfigurationPlatforms) = postSolution
		{8B415182-205E-44E8-9510-CA7F890968EF}.Debug|Any CPU.ActiveCfg = Debug|Any CPU
		{8B415182-205E-44E8-9510-CA7F890968EF}.Debug|Any CPU.Build.0 = Debug|Any CPU
		{8B415182-205E-44E8-9510-CA7F890968EF}.Release|Any CPU.ActiveCfg = Release|Any CPU
		{8B415182-205E-44E8-9510-CA7F890968EF}.Release|Any CPU.Build.0 = Release|Any CPU
	EndGlobalSection
EndGlobal
